
Microsoft Visual Studio Solution File, Format Version 12.00
# Visual Studio Version 16
VisualStudioVersion = 16.0.31702.278
MinimumVisualStudioVersion = 10.0.40219.1
Project("{FAE04EC0-301F-11D3-BF4B-00C04F79EFBC}") = "Demo.Models", "Demo.Models\Demo.Models.csproj", "{FA16EB44-BF30-4948-888B-75715670B89E}"
EndProject
Project("{FAE04EC0-301F-11D3-BF4B-00C04F79EFBC}") = "Demo.API", "Demo.API\Demo.API.csproj", "{F37458C5-3E3B-4F74-8197-BC534DA23FCB}"
EndProject
Project("{FAE04EC0-301F-11D3-BF4B-00C04F79EFBC}") = "Demo.Web", "Demo.Web\Demo.Web.csproj", "{E9AE85A7-03C6-4E0F-99CF-DCEFCA9E0636}"
EndProject
Global
	GlobalSection(SolutionConfigurationPlatforms) = preSolution
		Debug|Any CPU = Debug|Any CPU
		Release|Any CPU = Release|Any CPU
	EndGlobalSection
	GlobalSection(ProjectConfigurationPlatforms) = postSolution
		{FA16EB44-BF30-4948-888B-75715670B89E}.Debug|Any CPU.ActiveCfg = Debug|Any CPU
		{FA16EB44-BF30-4948-888B-75715670B89E}.Debug|Any CPU.Build.0 = Debug|Any CPU
		{FA16EB44-BF30-4948-888B-75715670B89E}.Release|Any CPU.ActiveCfg = Release|Any CPU
		{FA16EB44-BF30-4948-888B-75715670B89E}.Release|Any CPU.Build.0 = Release|Any CPU
		{F37458C5-3E3B-4F74-8197-BC534DA23FCB}.Debug|Any CPU.ActiveCfg = Debug|Any CPU
		{F37458C5-3E3B-4F74-8197-BC534DA23FCB}.Debug|Any CPU.Build.0 = Debug|Any CPU
		{F37458C5-3E3B-4F74-8197-BC534DA23FCB}.Release|Any CPU.ActiveCfg = Release|Any CPU
		{F37458C5-3E3B-4F74-8197-BC534DA23FCB}.Release|Any CPU.Build.0 = Release|Any CPU
		{E9AE85A7-03C6-4E0F-99CF-DCEFCA9E0636}.Debug|Any CPU.ActiveCfg = Debug|Any CPU
		{E9AE85A7-03C6-4E0F-99CF-DCEFCA9E0636}.Debug|Any CPU.Build.0 = Debug|Any CPU
		{E9AE85A7-03C6-4E0F-99CF-DCEFCA9E0636}.Release|Any CPU.ActiveCfg = Release|Any CPU
		{E9AE85A7-03C6-4E0F-99CF-DCEFCA9E0636}.Release|Any CPU.Build.0 = Release|Any CPU
	EndGlobalSection
	GlobalSection(SolutionProperties) = preSolution
		HideSolutionNode = FALSE
	EndGlobalSection
	GlobalSection(ExtensibilityGlobals) = postSolution
		SolutionGuid = {6DDD5389-3491-4F95-BB68-EAE19EC3E48A}
	EndGlobalSection
EndGlobal
